
Microsoft Visual Studio Solution File, Format Version 12.00
# Visual Studio Version 16
VisualStudioVersion = 16.0.31205.134
MinimumVisualStudioVersion = 10.0.40219.1
Project("{FAE04EC0-301F-11D3-BF4B-00C04F79EFBC}") = "Books", "Books\Books.csproj", "{2839A129-8966-43A9-BC1F-A047A789BE20}"
EndProject
Global
	GlobalSection(SolutionConfigurationPlatforms) = preSolution
		Debug|Any CPU = Debug|Any CPU
		Release|Any CPU = Release|Any CPU
	EndGlobalSection
	GlobalSection(ProjectConfigurationPlatforms) = postSolution
		{2839A129-8966-43A9-BC1F-A047A789BE20}.Debug|Any CPU.ActiveCfg = Debug|Any CPU
		{2839A129-8966-43A9-BC1F-A047A789BE20}.Debug|Any CPU.Build.0 = Debug|Any CPU
		{2839A129-8966-43A9-BC1F-A047A789BE20}.Release|Any CPU.ActiveCfg = Release|Any CPU
		{2839A129-8966-43A9-BC1F-A047A789BE20}.Release|Any CPU.Build.0 = Release|Any CPU
	EndGlobalSection
	GlobalSection(SolutionProperties) = preSolution
		HideSolutionNode = FALSE
	EndGlobalSection
	GlobalSection(ExtensibilityGlobals) = postSolution
		SolutionGuid = {915C7973-8879-40F6-8766-4C2D04CB891B}
	EndGlobalSection
EndGlobal
